
Microsoft Visual Studio Solution File, Format Version 11.00
# Visual Studio 2010
Project("{FAE04EC0-301F-11D3-BF4B-00C04F79EFBC}") = "FamilyFood", "FamilyFood\FamilyFood.csproj", "{B8646BBF-D6FD-4BA7-B1DD-05686AA2EB7A}"
EndProject
Global
	GlobalSection(SolutionConfigurationPlatforms) = preSolution
		Debug|Any CPU = Debug|Any CPU
		Release|Any CPU = Release|Any CPU
	EndGlobalSection
	GlobalSection(ProjectConfigurationPlatforms) = postSolution
		{B8646BBF-D6FD-4BA7-B1DD-05686AA2EB7A}.Debug|Any CPU.ActiveCfg = Debug|Any CPU
		{B8646BBF-D6FD-4BA7-B1DD-05686AA2EB7A}.Debug|Any CPU.Build.0 = Debug|Any CPU
		{B8646BBF-D6FD-4BA7-B1DD-05686AA2EB7A}.Release|Any CPU.ActiveCfg = Release|Any CPU
		{B8646BBF-D6FD-4BA7-B1DD-05686AA2EB7A}.Release|Any CPU.Build.0 = Release|Any CPU
	EndGlobalSection
	GlobalSection(SolutionProperties) = preSolution
		HideSolutionNode = FALSE
	EndGlobalSection
EndGlobal
